# This file is automatically @generated by Poetry 1.8.2 and should not be changed by hand.

[[package]]
name = "pymupdf"
version = "1.24.3"
description = "A high performance Python library for data extraction, analysis, conversion & manipulation of PDF (and other) documents."
optional = false
python-versions = ">=3.8"
files = [
    {file = "PyMuPDF-1.24.3-cp310-none-macosx_10_9_x86_64.whl", hash = "sha256:8d63d850d337c10fa49859697b9517e461b28e6d5d5a80121c72cc518eb0bae0"},
    {file = "PyMuPDF-1.24.3-cp310-none-macosx_11_0_arm64.whl", hash = "sha256:5f4a9ffabbcf8f19f6938484702e393ed6d423516f3e52c9d443162e3e42a884"},
    {file = "PyMuPDF-1.24.3-cp310-none-manylinux2014_aarch64.whl", hash = "sha256:c7dfddf19d2a8c734c5439692e87419c86f2621f1f205100355afb3bb43e5675"},
    {file = "PyMuPDF-1.24.3-cp310-none-manylinux2014_x86_64.whl", hash = "sha256:cf743d8c7f7261112153525ba7de1d954f9d563b875414814b27da35fb0df2cc"},
    {file = "PyMuPDF-1.24.3-cp310-none-win32.whl", hash = "sha256:e30e8dec04c241739e0e9cf89b8a0317e991889dbca781e30abef228009c8cbd"},
    {file = "PyMuPDF-1.24.3-cp310-none-win_amd64.whl", hash = "sha256:3ceca02b143efe6b6f159d64a2f0e0aa32d0670894149a7f7144125fe2982da2"},
    {file = "PyMuPDF-1.24.3-cp311-none-macosx_10_9_x86_64.whl", hash = "sha256:171313ee03e031437687cf856914eb61f66a5a76eddedc63048a63b69b00474b"},
    {file = "PyMuPDF-1.24.3-cp311-none-macosx_11_0_arm64.whl", hash = "sha256:a421b332c257e70d9daed350cebefc043817ae0fd6b361734ee27f98288cc8c7"},
    {file = "PyMuPDF-1.24.3-cp311-none-manylinux2014_aarch64.whl", hash = "sha256:cc519230e352024111f065a1d32366eea4f1f1034e01515f10dbed709d9ab5ad"},
    {file = "PyMuPDF-1.24.3-cp311-none-manylinux2014_x86_64.whl", hash = "sha256:9df2d5e89810d3708fb8933dbc07505a57bfcb976a72bc559c7f0ccacc054c76"},
    {file = "PyMuPDF-1.24.3-cp311-none-win32.whl", hash = "sha256:1de61f186c8367d1647d679bf6a4a77198751b378f9b67958a3b5d59adbc8c95"},
    {file = "PyMuPDF-1.24.3-cp311-none-win_amd64.whl", hash = "sha256:28e8c6c29de2951e29f98f17752eff0e80776fca7fe7ed5c7368363dff887c6c"},
    {file = "PyMuPDF-1.24.3-cp312-none-macosx_10_9_x86_64.whl", hash = "sha256:34ab87e6d0f79eea9b632ed0401de20aff2622c95aa1a57fd17b49401c22c906"},
    {file = "PyMuPDF-1.24.3-cp312-none-macosx_11_0_arm64.whl", hash = "sha256:ef2311861a3173072c489dc365827bb26f2c4487f969501afbbf1746478553ea"},
    {file = "PyMuPDF-1.24.3-cp312-none-manylinux2014_aarch64.whl", hash = "sha256:c4df2c50eba8fb8d8ffe63bd4099c57b562d11ed01dcf6cd922c4ea774212a34"},
    {file = "PyMuPDF-1.24.3-cp312-none-manylinux2014_x86_64.whl", hash = "sha256:401f2da8621f19bc302efa2a404c794b17982dea0e552b48ecd2c3f8d10b4707"},
    {file = "PyMuPDF-1.24.3-cp312-none-win32.whl", hash = "sha256:ce4c07355b45e95803d1221cece01be58e32d1d9daec0d1ebc075ad03640c177"},
    {file = "PyMuPDF-1.24.3-cp312-none-win_amd64.whl", hash = "sha256:4f084f735e2e2d21f2c76de1abdcb44261889ec01a2842b57e69c89502f74b7a"},
    {file = "PyMuPDF-1.24.3-cp38-none-macosx_10_9_x86_64.whl", hash = "sha256:14b2459e1a7e4dbf9ec6026e6056ccba6868bdfff1ffb346fd910108a61be095"},
    {file = "PyMuPDF-1.24.3-cp38-none-macosx_11_0_arm64.whl", hash = "sha256:f3572c2a85a12026637d485d6156b7f279a4aac7f474a341e5e06e8943ab2e0b"},
    {file = "PyMuPDF-1.24.3-cp38-none-manylinux2014_aarch64.whl", hash = "sha256:b0ceed71fa62eebd1bf8b55875cd6da7c2f09bbe2067218b68b5deb0d9feaa6e"},
    {file = "PyMuPDF-1.24.3-cp38-none-manylinux2014_x86_64.whl", hash = "sha256:e6b9100fa5194be1240b9998643ba122fcffd76149dccda3607455ccfed5fa2b"},
    {file = "PyMuPDF-1.24.3-cp38-none-win32.whl", hash = "sha256:88e52a5c6d0375d27401c08fe7f7894f19db4af31169ba6deb6b3c1453f8b6e0"},
    {file = "PyMuPDF-1.24.3-cp38-none-win_amd64.whl", hash = "sha256:45c93944a14b19da3ee9b6d648e609f3ca35b8bca5c1cd16e6addcc59e7816d9"},
    {file = "PyMuPDF-1.24.3-cp39-none-macosx_10_9_x86_64.whl", hash = "sha256:0d4b6caf5ad25b7bd654ad4d42b8b3a00683b742bc5a81b8aeface79811386d5"},
    {file = "PyMuPDF-1.24.3-cp39-none-macosx_11_0_arm64.whl", hash = "sha256:6b52ee0460db88c71a06677353a0c768a8bb17718aa313462e9847ed1bf53f87"},
    {file = "PyMuPDF-1.24.3-cp39-none-manylinux2014_aarch64.whl", hash = "sha256:06a8a3226c9ec97c5e1df8cd16ec29b5df83d04ae88e9e0f5f4e25fcc1b997a1"},
    {file = "PyMuPDF-1.24.3-cp39-none-manylinux2014_x86_64.whl", hash = "sha256:ce113303b41adb74ae30ebd98761d9bd53477573e47566f05b3b7ff1c7354675"},
    {file = "PyMuPDF-1.24.3-cp39-none-win32.whl", hash = "sha256:e4b4b2d5700c48a67da278476767488005408fac29426467b5bb437012197c0b"},
    {file = "PyMuPDF-1.24.3-cp39-none-win_amd64.whl", hash = "sha256:39acbac2854ef5b58f28c71bb19e84840771a771ec09cb33c4e66e2679c3b419"},
    {file = "PyMuPDF-1.24.3.tar.gz", hash = "sha256:af412df645fa7c15d2fc9b64edb7031477dc8597d16e278157a760adaea49551"},
]

[package.dependencies]
PyMuPDFb = "1.24.3"

[[package]]
name = "pymupdfb"
version = "1.24.3"
description = "MuPDF shared libraries for PyMuPDF."
optional = false
python-versions = ">=3.8"
files = [
    {file = "PyMuPDFb-1.24.3-py3-none-macosx_10_9_x86_64.whl", hash = "sha256:d2ccca660042896d4af479f979ec10674c5a0b3cd2d9ecb0011f08dc82380cce"},
    {file = "PyMuPDFb-1.24.3-py3-none-macosx_11_0_arm64.whl", hash = "sha256:ad51d21086a16199684a3eebcb47d9c8460fc27e7bebae77f5fe64e8c34ebf34"},
    {file = "PyMuPDFb-1.24.3-py3-none-manylinux2014_aarch64.manylinux_2_17_aarch64.whl", hash = "sha256:3e7aab000d707c40e3254cd60152897b90952ed9a3567584d70974292f4912ce"},
    {file = "PyMuPDFb-1.24.3-py3-none-manylinux2014_x86_64.manylinux_2_17_x86_64.whl", hash = "sha256:f39588fd2b7a63e2456df42cd8925c316202e0eb77d115d9c01ba032b2c9086f"},
    {file = "PyMuPDFb-1.24.3-py3-none-win32.whl", hash = "sha256:0d606a10cb828cefc9f864bf67bc9d46e8007af55e643f022b59d378af4151a8"},
    {file = "PyMuPDFb-1.24.3-py3-none-win_amd64.whl", hash = "sha256:e88289bd4b4afe5966a028774b302f37d4b51dad5c5e6720dd04524910db6c6e"},
    {file = "PyMuPDFb-1.24.3.tar.gz", hash = "sha256:7cc5da3031d160e0f01dbb88567ddca70adc82f062a3a5b4e2dd2a57646f442c"},
]

[metadata]
lock-version = "2.0"
python-versions = ">=3.8"
content-hash = "b44a646a802c331f27355e6ffef18d4cbc74de21218f7932d70447610220750f"
